
Microsoft Visual Studio Solution File, Format Version 12.00
# Visual Studio Version 17
VisualStudioVersion = 17.0.31903.59
MinimumVisualStudioVersion = 10.0.40219.1
Project("{2150E333-8FDC-42A3-9474-1A3956D46DE8}") = "Common", "Common", "{881589EE-639B-0A35-DBCE-5D94E4FC90C0}"
EndProject
Project("{FAE04EC0-301F-11D3-BF4B-00C04F79EFBC}") = "TreeManager.Common.TestUtilities", "src\Common\TreeManager.Common.TestUtilities\TreeManager.Common.TestUtilities.csproj", "{851B4707-B116-4428-83C2-0EB4A1696962}"
EndProject
Project("{2150E333-8FDC-42A3-9474-1A3956D46DE8}") = "Core", "Core", "{FBF56CC3-7AE6-AD2D-3F14-7F97FD322CD6}"
EndProject
Project("{FAE04EC0-301F-11D3-BF4B-00C04F79EFBC}") = "TreeManager.Core", "src\Core\TreeManager.Core\TreeManager.Core.csproj", "{08387B55-8D07-43DF-945B-DF502A50B234}"
EndProject
Project("{FAE04EC0-301F-11D3-BF4B-00C04F79EFBC}") = "TreeManager.Core.L0", "src\Core\TreeManager.Core.L0\TreeManager.Core.L0.csproj", "{2AC5468D-5BD6-4FA9-9BA1-EAF9A240AB36}"
EndProject
Project("{2150E333-8FDC-42A3-9474-1A3956D46DE8}") = "Infrastructure", "Infrastructure", "{DFEE68D8-A7D0-1A41-506C-9B74AA9A7B7B}"
EndProject
Project("{FAE04EC0-301F-11D3-BF4B-00C04F79EFBC}") = "TreeManager.Infrastructure", "src\Infrastructure\TreeManager.Infrastructure\TreeManager.Infrastructure.csproj", "{C67D4584-C8F9-44BB-A9C2-39DFFC9C2A73}"
EndProject
Project("{FAE04EC0-301F-11D3-BF4B-00C04F79EFBC}") = "TreeManager.Infrastructure.L0", "src\Infrastructure\TreeManager.Infrastructure.L0\TreeManager.Infrastructure.L0.csproj", "{8682C182-8992-44EA-9E9A-C04CEDDD881D}"
EndProject
Project("{2150E333-8FDC-42A3-9474-1A3956D46DE8}") = "App", "App", "{F95F473B-E98A-ACD6-1986-755F447BE36F}"
EndProject
Project("{FAE04EC0-301F-11D3-BF4B-00C04F79EFBC}") = "TreeManager.App", "src\App\TreeManager.App\TreeManager.App.csproj", "{448DD529-6DAB-4D95-8BE3-26A633E0CD2F}"
EndProject
Project("{FAE04EC0-301F-11D3-BF4B-00C04F79EFBC}") = "TreeManager.App.L0", "src\App\TreeManager.App.L0\TreeManager.App.L0.csproj", "{96387E4C-610D-48B1-9629-C8EF29ACAD52}"
EndProject
Global
	GlobalSection(SolutionConfigurationPlatforms) = preSolution
		Debug|Any CPU = Debug|Any CPU
		Debug|x64 = Debug|x64
		Debug|x86 = Debug|x86
		Release|Any CPU = Release|Any CPU
		Release|x64 = Release|x64
		Release|x86 = Release|x86
	EndGlobalSection
	GlobalSection(ProjectConfigurationPlatforms) = postSolution
		{851B4707-B116-4428-83C2-0EB4A1696962}.Debug|Any CPU.ActiveCfg = Debug|Any CPU
		{851B4707-B116-4428-83C2-0EB4A1696962}.Debug|Any CPU.Build.0 = Debug|Any CPU
		{851B4707-B116-4428-83C2-0EB4A1696962}.Debug|x64.ActiveCfg = Debug|Any CPU
		{851B4707-B116-4428-83C2-0EB4A1696962}.Debug|x64.Build.0 = Debug|Any CPU
		{851B4707-B116-4428-83C2-0EB4A1696962}.Debug|x86.ActiveCfg = Debug|Any CPU
		{851B4707-B116-4428-83C2-0EB4A1696962}.Debug|x86.Build.0 = Debug|Any CPU
		{851B4707-B116-4428-83C2-0EB4A1696962}.Release|Any CPU.ActiveCfg = Release|Any CPU
		{851B4707-B116-4428-83C2-0EB4A1696962}.Release|Any CPU.Build.0 = Release|Any CPU
		{851B4707-B116-4428-83C2-0EB4A1696962}.Release|x64.ActiveCfg = Release|Any CPU
		{851B4707-B116-4428-83C2-0EB4A1696962}.Release|x64.Build.0 = Release|Any CPU
		{851B4707-B116-4428-83C2-0EB4A1696962}.Release|x86.ActiveCfg = Release|Any CPU
		{851B4707-B116-4428-83C2-0EB4A1696962}.Release|x86.Build.0 = Release|Any CPU
		{08387B55-8D07-43DF-945B-DF502A50B234}.Debug|Any CPU.ActiveCfg = Debug|Any CPU
		{08387B55-8D07-43DF-945B-DF502A50B234}.Debug|Any CPU.Build.0 = Debug|Any CPU
		{08387B55-8D07-43DF-945B-DF502A50B234}.Debug|x64.ActiveCfg = Debug|Any CPU
		{08387B55-8D07-43DF-945B-DF502A50B234}.Debug|x64.Build.0 = Debug|Any CPU
		{08387B55-8D07-43DF-945B-DF502A50B234}.Debug|x86.ActiveCfg = Debug|Any CPU
		{08387B55-8D07-43DF-945B-DF502A50B234}.Debug|x86.Build.0 = Debug|Any CPU
		{08387B55-8D07-43DF-945B-DF502A50B234}.Release|Any CPU.ActiveCfg = Release|Any CPU
		{08387B55-8D07-43DF-945B-DF502A50B234}.Release|Any CPU.Build.0 = Release|Any CPU
		{08387B55-8D07-43DF-945B-DF502A50B234}.Release|x64.ActiveCfg = Release|Any CPU
		{08387B55-8D07-43DF-945B-DF502A50B234}.Release|x64.Build.0 = Release|Any CPU
		{08387B55-8D07-43DF-945B-DF502A50B234}.Release|x86.ActiveCfg = Release|Any CPU
		{08387B55-8D07-43DF-945B-DF502A50B234}.Release|x86.Build.0 = Release|Any CPU
		{2AC5468D-5BD6-4FA9-9BA1-EAF9A240AB36}.Debug|Any CPU.ActiveCfg = Debug|Any CPU
		{2AC5468D-5BD6-4FA9-9BA1-EAF9A240AB36}.Debug|Any CPU.Build.0 = Debug|Any CPU
		{2AC5468D-5BD6-4FA9-9BA1-EAF9A240AB36}.Debug|x64.ActiveCfg = Debug|Any CPU
		{2AC5468D-5BD6-4FA9-9BA1-EAF9A240AB36}.Debug|x64.Build.0 = Debug|Any CPU
		{2AC5468D-5BD6-4FA9-9BA1-EAF9A240AB36}.Debug|x86.ActiveCfg = Debug|Any CPU
		{2AC5468D-5BD6-4FA9-9BA1-EAF9A240AB36}.Debug|x86.Build.0 = Debug|Any CPU
		{2AC5468D-5BD6-4FA9-9BA1-EAF9A240AB36}.Release|Any CPU.ActiveCfg = Release|Any CPU
		{2AC5468D-5BD6-4FA9-9BA1-EAF9A240AB36}.Release|Any CPU.Build.0 = Release|Any CPU
		{2AC5468D-5BD6-4FA9-9BA1-EAF9A240AB36}.Release|x64.ActiveCfg = Release|Any CPU
		{2AC5468D-5BD6-4FA9-9BA1-EAF9A240AB36}.Release|x64.Build.0 = Release|Any CPU
		{2AC5468D-5BD6-4FA9-9BA1-EAF9A240AB36}.Release|x86.ActiveCfg = Release|Any CPU
		{2AC5468D-5BD6-4FA9-9BA1-EAF9A240AB36}.Release|x86.Build.0 = Release|Any CPU
		{C67D4584-C8F9-44BB-A9C2-39DFFC9C2A73}.Debug|Any CPU.ActiveCfg = Debug|Any CPU
		{C67D4584-C8F9-44BB-A9C2-39DFFC9C2A73}.Debug|Any CPU.Build.0 = Debug|Any CPU
		{C67D4584-C8F9-44BB-A9C2-39DFFC9C2A73}.Debug|x64.ActiveCfg = Debug|Any CPU
		{C67D4584-C8F9-44BB-A9C2-39DFFC9C2A73}.Debug|x64.Build.0 = Debug|Any CPU
		{C67D4584-C8F9-44BB-A9C2-39DFFC9C2A73}.Debug|x86.ActiveCfg = Debug|Any CPU
		{C67D4584-C8F9-44BB-A9C2-39DFFC9C2A73}.Debug|x86.Build.0 = Debug|Any CPU
		{C67D4584-C8F9-44BB-A9C2-39DFFC9C2A73}.Release|Any CPU.ActiveCfg = Release|Any CPU
		{C67D4584-C8F9-44BB-A9C2-39DFFC9C2A73}.Release|Any CPU.Build.0 = Release|Any CPU
		{C67D4584-C8F9-44BB-A9C2-39DFFC9C2A73}.Release|x64.ActiveCfg = Release|Any CPU
		{C67D4584-C8F9-44BB-A9C2-39DFFC9C2A73}.Release|x64.Build.0 = Release|Any CPU
		{C67D4584-C8F9-44BB-A9C2-39DFFC9C2A73}.Release|x86.ActiveCfg = Release|Any CPU
		{C67D4584-C8F9-44BB-A9C2-39DFFC9C2A73}.Release|x86.Build.0 = Release|Any CPU
		{8682C182-8992-44EA-9E9A-C04CEDDD881D}.Debug|Any CPU.ActiveCfg = Debug|Any CPU
		{8682C182-8992-44EA-9E9A-C04CEDDD881D}.Debug|Any CPU.Build.0 = Debug|Any CPU
		{8682C182-8992-44EA-9E9A-C04CEDDD881D}.Debug|x64.ActiveCfg = Debug|Any CPU
		{8682C182-8992-44EA-9E9A-C04CEDDD881D}.Debug|x64.Build.0 = Debug|Any CPU
		{8682C182-8992-44EA-9E9A-C04CEDDD881D}.Debug|x86.ActiveCfg = Debug|Any CPU
		{8682C182-8992-44EA-9E9A-C04CEDDD881D}.Debug|x86.Build.0 = Debug|Any CPU
		{8682C182-8992-44EA-9E9A-C04CEDDD881D}.Release|Any CPU.ActiveCfg = Release|Any CPU
		{8682C182-8992-44EA-9E9A-C04CEDDD881D}.Release|Any CPU.Build.0 = Release|Any CPU
		{8682C182-8992-44EA-9E9A-C04CEDDD881D}.Release|x64.ActiveCfg = Release|Any CPU
		{8682C182-8992-44EA-9E9A-C04CEDDD881D}.Release|x64.Build.0 = Release|Any CPU
		{8682C182-8992-44EA-9E9A-C04CEDDD881D}.Release|x86.ActiveCfg = Release|Any CPU
		{8682C182-8992-44EA-9E9A-C04CEDDD881D}.Release|x86.Build.0 = Release|Any CPU
		{448DD529-6DAB-4D95-8BE3-26A633E0CD2F}.Debug|Any CPU.ActiveCfg = Debug|Any CPU
		{448DD529-6DAB-4D95-8BE3-26A633E0CD2F}.Debug|Any CPU.Build.0 = Debug|Any CPU
		{448DD529-6DAB-4D95-8BE3-26A633E0CD2F}.Debug|x64.ActiveCfg = Debug|Any CPU
		{448DD529-6DAB-4D95-8BE3-26A633E0CD2F}.Debug|x64.Build.0 = Debug|Any CPU
		{448DD529-6DAB-4D95-8BE3-26A633E0CD2F}.Debug|x86.ActiveCfg = Debug|Any CPU
		{448DD529-6DAB-4D95-8BE3-26A633E0CD2F}.Debug|x86.Build.0 = Debug|Any CPU
		{448DD529-6DAB-4D95-8BE3-26A633E0CD2F}.Release|Any CPU.ActiveCfg = Release|Any CPU
		{448DD529-6DAB-4D95-8BE3-26A633E0CD2F}.Release|Any CPU.Build.0 = Release|Any CPU
		{448DD529-6DAB-4D95-8BE3-26A633E0CD2F}.Release|x64.ActiveCfg = Release|Any CPU
		{448DD529-6DAB-4D95-8BE3-26A633E0CD2F}.Release|x64.Build.0 = Release|Any CPU
		{448DD529-6DAB-4D95-8BE3-26A633E0CD2F}.Release|x86.ActiveCfg = Release|Any CPU
		{448DD529-6DAB-4D95-8BE3-26A633E0CD2F}.Release|x86.Build.0 = Release|Any CPU
		{96387E4C-610D-48B1-9629-C8EF29ACAD52}.Debug|Any CPU.ActiveCfg = Debug|Any CPU
		{96387E4C-610D-48B1-9629-C8EF29ACAD52}.Debug|Any CPU.Build.0 = Debug|Any CPU
		{96387E4C-610D-48B1-9629-C8EF29ACAD52}.Debug|x64.ActiveCfg = Debug|Any CPU
		{96387E4C-610D-48B1-9629-C8EF29ACAD52}.Debug|x64.Build.0 = Debug|Any CPU
		{96387E4C-610D-48B1-9629-C8EF29ACAD52}.Debug|x86.ActiveCfg = Debug|Any CPU
		{96387E4C-610D-48B1-9629-C8EF29ACAD52}.Debug|x86.Build.0 = Debug|Any CPU
		{96387E4C-610D-48B1-9629-C8EF29ACAD52}.Release|Any CPU.ActiveCfg = Release|Any CPU
		{96387E4C-610D-48B1-9629-C8EF29ACAD52}.Release|Any CPU.Build.0 = Release|Any CPU
		{96387E4C-610D-48B1-9629-C8EF29ACAD52}.Release|x64.ActiveCfg = Release|Any CPU
		{96387E4C-610D-48B1-9629-C8EF29ACAD52}.Release|x64.Build.0 = Release|Any CPU
		{96387E4C-610D-48B1-9629-C8EF29ACAD52}.Release|x86.ActiveCfg = Release|Any CPU
		{96387E4C-610D-48B1-9629-C8EF29ACAD52}.Release|x86.Build.0 = Release|Any CPU
	EndGlobalSection
	GlobalSection(SolutionProperties) = preSolution
		HideSolutionNode = FALSE
	EndGlobalSection
	GlobalSection(NestedProjects) = preSolution
		{851B4707-B116-4428-83C2-0EB4A1696962} = {881589EE-639B-0A35-DBCE-5D94E4FC90C0}
		{08387B55-8D07-43DF-945B-DF502A50B234} = {FBF56CC3-7AE6-AD2D-3F14-7F97FD322CD6}
		{2AC5468D-5BD6-4FA9-9BA1-EAF9A240AB36} = {FBF56CC3-7AE6-AD2D-3F14-7F97FD322CD6}
		{C67D4584-C8F9-44BB-A9C2-39DFFC9C2A73} = {DFEE68D8-A7D0-1A41-506C-9B74AA9A7B7B}
		{8682C182-8992-44EA-9E9A-C04CEDDD881D} = {DFEE68D8-A7D0-1A41-506C-9B74AA9A7B7B}
		{448DD529-6DAB-4D95-8BE3-26A633E0CD2F} = {F95F473B-E98A-ACD6-1986-755F447BE36F}
		{96387E4C-610D-48B1-9629-C8EF29ACAD52} = {F95F473B-E98A-ACD6-1986-755F447BE36F}
	EndGlobalSection
EndGlobal
